
Microsoft Visual Studio Solution File, Format Version 12.00
# Visual Studio Version 17
VisualStudioVersion = 17.0.31903.59
MinimumVisualStudioVersion = 10.0.40219.1
Project("{2150E333-8FDC-42A3-9474-1A3956D46DE8}") = "src", "src", "{A3B2383F-BD7F-4C79-B3CB-965017F777FF}"
EndProject
Project("{FAE04EC0-301F-11D3-BF4B-00C04F79EFBC}") = "ConsoleApp", "src\ConsoleApp\ConsoleApp.csproj", "{176887DE-1BA5-4746-B80D-24BD23E41F51}"
EndProject
Project("{FAE04EC0-301F-11D3-BF4B-00C04F79EFBC}") = "ClassLib", "src\ClassLib\ClassLib.csproj", "{237EB74A-3425-4ED9-868B-73625623C5AF}"
EndProject
Project("{FAE04EC0-301F-11D3-BF4B-00C04F79EFBC}") = "ClassLib.Tests", "src\ClassLib.Tests\ClassLib.Tests.csproj", "{D5D2C60A-43B3-4C8B-B7A8-61FA4CE0709C}"
EndProject
Global
	GlobalSection(SolutionConfigurationPlatforms) = preSolution
		Debug|Any CPU = Debug|Any CPU
		Release|Any CPU = Release|Any CPU
	EndGlobalSection
	GlobalSection(SolutionProperties) = preSolution
		HideSolutionNode = FALSE
	EndGlobalSection
	GlobalSection(ProjectConfigurationPlatforms) = postSolution
		{176887DE-1BA5-4746-B80D-24BD23E41F51}.Debug|Any CPU.ActiveCfg = Debug|Any CPU
		{176887DE-1BA5-4746-B80D-24BD23E41F51}.Debug|Any CPU.Build.0 = Debug|Any CPU
		{176887DE-1BA5-4746-B80D-24BD23E41F51}.Release|Any CPU.ActiveCfg = Release|Any CPU
		{176887DE-1BA5-4746-B80D-24BD23E41F51}.Release|Any CPU.Build.0 = Release|Any CPU
		{237EB74A-3425-4ED9-868B-73625623C5AF}.Debug|Any CPU.ActiveCfg = Debug|Any CPU
		{237EB74A-3425-4ED9-868B-73625623C5AF}.Debug|Any CPU.Build.0 = Debug|Any CPU
		{237EB74A-3425-4ED9-868B-73625623C5AF}.Release|Any CPU.ActiveCfg = Release|Any CPU
		{237EB74A-3425-4ED9-868B-73625623C5AF}.Release|Any CPU.Build.0 = Release|Any CPU
		{D5D2C60A-43B3-4C8B-B7A8-61FA4CE0709C}.Debug|Any CPU.ActiveCfg = Debug|Any CPU
		{D5D2C60A-43B3-4C8B-B7A8-61FA4CE0709C}.Debug|Any CPU.Build.0 = Debug|Any CPU
		{D5D2C60A-43B3-4C8B-B7A8-61FA4CE0709C}.Release|Any CPU.ActiveCfg = Release|Any CPU
		{D5D2C60A-43B3-4C8B-B7A8-61FA4CE0709C}.Release|Any CPU.Build.0 = Release|Any CPU
	EndGlobalSection
	GlobalSection(NestedProjects) = preSolution
		{176887DE-1BA5-4746-B80D-24BD23E41F51} = {A3B2383F-BD7F-4C79-B3CB-965017F777FF}
		{237EB74A-3425-4ED9-868B-73625623C5AF} = {A3B2383F-BD7F-4C79-B3CB-965017F777FF}
		{D5D2C60A-43B3-4C8B-B7A8-61FA4CE0709C} = {A3B2383F-BD7F-4C79-B3CB-965017F777FF}
	EndGlobalSection
EndGlobal
